
Microsoft Visual Studio Solution File, Format Version 12.00
# Visual Studio Version 16
VisualStudioVersion = 16.0.28803.352
MinimumVisualStudioVersion = 10.0.40219.1
Project("{FAE04EC0-301F-11D3-BF4B-00C04F79EFBC}") = "ScissorsRockPaper", "ScissorsRockPaper\ScissorsRockPaper.csproj", "{5CBDCCED-45FD-4BB4-9307-6851A899E71A}"
EndProject
Global
	GlobalSection(SolutionConfigurationPlatforms) = preSolution
		Debug|Any CPU = Debug|Any CPU
		Release|Any CPU = Release|Any CPU
	EndGlobalSection
	GlobalSection(ProjectConfigurationPlatforms) = postSolution
		{5CBDCCED-45FD-4BB4-9307-6851A899E71A}.Debug|Any CPU.ActiveCfg = Debug|Any CPU
		{5CBDCCED-45FD-4BB4-9307-6851A899E71A}.Debug|Any CPU.Build.0 = Debug|Any CPU
		{5CBDCCED-45FD-4BB4-9307-6851A899E71A}.Release|Any CPU.ActiveCfg = Release|Any CPU
		{5CBDCCED-45FD-4BB4-9307-6851A899E71A}.Release|Any CPU.Build.0 = Release|Any CPU
	EndGlobalSection
	GlobalSection(SolutionProperties) = preSolution
		HideSolutionNode = FALSE
	EndGlobalSection
	GlobalSection(ExtensibilityGlobals) = postSolution
		SolutionGuid = {EDC7A4D8-C935-4846-A738-20D9A9583A5C}
	EndGlobalSection
EndGlobal
